# This file is automatically @generated by Cargo.
# It is not intended for manual editing.
version = 4

[[package]]
name = "dns-message"
version = "0.1.2"
source = "git+https://github.com/WatchDG/rust-dns-message.git?branch=feature%2Fnext#90e6af73928e89844d3e116424f8ec42487fd90e"

[[package]]
name = "dnsio"
version = "0.1.1"
dependencies = [
 "dns-message",
]
