# This file is automatically @generated by Cargo.
# It is not intended for manual editing.
version = 4

[[package]]
name = "dns-message"
version = "0.1.2"
source = "registry+https://github.com/rust-lang/crates.io-index"
checksum = "304aa3d8181b2652b26543b899edea78673263615f8d15ad4a9cff29b9f036fb"

[[package]]
name = "dnsio"
version = "0.1.1"
dependencies = [
 "dns-message",
]
