# This file is automatically @generated by Cargo.
# It is not intended for manual editing.
version = 4

[[package]]
name = "dns-message"
version = "0.1.1"
source = "registry+https://github.com/rust-lang/crates.io-index"
checksum = "b7407f7c55c1b5e8bb678ff25b8ce6b067071a757067dc4977184159254c3034"

[[package]]
name = "dnsio"
version = "0.1.0"
dependencies = [
 "dns-message",
]
